// !$*UTF8*$!
{
	archiveVersion = 1;
	classes = {
	};
	objectVersion = 50;
	objects = {

/* Begin PBXBuildFile section */
		FB4AF8662641DF9E00AF16D8 /* Item-CoreDataHelpers.swift in Sources */ = {isa = PBXBuildFile; fileRef = FB4AF8652641DF9E00AF16D8 /* Item-CoreDataHelpers.swift */; };
		FB4AF8692641E05700AF16D8 /* Project-CoreDataHelpers.swift in Sources */ = {isa = PBXBuildFile; fileRef = FB4AF8682641E05700AF16D8 /* Project-CoreDataHelpers.swift */; };
		FB64D73E264097E3005381E7 /* HomeView.swift in Sources */ = {isa = PBXBuildFile; fileRef = FB64D73D264097E3005381E7 /* HomeView.swift */; };
		FB64D7412640984D005381E7 /* ProjectsView.swift in Sources */ = {isa = PBXBuildFile; fileRef = FB64D7402640984D005381E7 /* ProjectsView.swift */; };
		FB6C268B263B041800129F46 /* UltimatePortfolioApp.swift in Sources */ = {isa = PBXBuildFile; fileRef = FB6C268A263B041800129F46 /* UltimatePortfolioApp.swift */; };
		FB6C268D263B041800129F46 /* ContentView.swift in Sources */ = {isa = PBXBuildFile; fileRef = FB6C268C263B041800129F46 /* ContentView.swift */; };
		FB6C268F263B041A00129F46 /* Assets.xcassets in Resources */ = {isa = PBXBuildFile; fileRef = FB6C268E263B041A00129F46 /* Assets.xcassets */; };
		FB6C2692263B041A00129F46 /* Preview Assets.xcassets in Resources */ = {isa = PBXBuildFile; fileRef = FB6C2691263B041A00129F46 /* Preview Assets.xcassets */; };
		FB70474A263C4201005175F4 /* Main.xcdatamodeld in Sources */ = {isa = PBXBuildFile; fileRef = FB704748263C4201005175F4 /* Main.xcdatamodeld */; };
		FB70474D263C44B9005175F4 /* DataController.swift in Sources */ = {isa = PBXBuildFile; fileRef = FB70474C263C44B9005175F4 /* DataController.swift */; };
		FB704755263C6E4A005175F4 /* CloudKit.framework in Frameworks */ = {isa = PBXBuildFile; fileRef = FB704754263C6E4A005175F4 /* CloudKit.framework */; };
		FB756D9D26446EF0008F515F /* EditItemView.swift in Sources */ = {isa = PBXBuildFile; fileRef = FB756D9C26446EF0008F515F /* EditItemView.swift */; };
		FB756D9F26447611008F515F /* ItemRowView.swift in Sources */ = {isa = PBXBuildFile; fileRef = FB756D9E26447611008F515F /* ItemRowView.swift */; };
		FB756DA126447A89008F515F /* Binding-OnChange.swift in Sources */ = {isa = PBXBuildFile; fileRef = FB756DA026447A89008F515F /* Binding-OnChange.swift */; };
		FB756DA32644A4A4008F515F /* ProjectHeaderView.swift in Sources */ = {isa = PBXBuildFile; fileRef = FB756DA22644A4A4008F515F /* ProjectHeaderView.swift */; };
		FB756DA52644A726008F515F /* Colors.xcassets in Resources */ = {isa = PBXBuildFile; fileRef = FB756DA42644A726008F515F /* Colors.xcassets */; };
		FB756DA72645AFBF008F515F /* EditProjectView.swift in Sources */ = {isa = PBXBuildFile; fileRef = FB756DA62645AFBF008F515F /* EditProjectView.swift */; };
		FB84C9F3264F174A00365AAB /* Sequence-Sorting.swift in Sources */ = {isa = PBXBuildFile; fileRef = FB84C9F2264F174A00365AAB /* Sequence-Sorting.swift */; };
		FB99A7AE2656F4300022A612 /* SelectSomethingView.swift in Sources */ = {isa = PBXBuildFile; fileRef = FB99A7AD2656F4300022A612 /* SelectSomethingView.swift */; };
		FB99A7B0265846860022A612 /* Bundle-Decodable.swift in Sources */ = {isa = PBXBuildFile; fileRef = FB99A7AF265846860022A612 /* Bundle-Decodable.swift */; };
		FB99A7B226584C730022A612 /* Awards.json in Resources */ = {isa = PBXBuildFile; fileRef = FB99A7B126584C730022A612 /* Awards.json */; };
		FB99A7B426584DA50022A612 /* Award.swift in Sources */ = {isa = PBXBuildFile; fileRef = FB99A7B326584DA50022A612 /* Award.swift */; };
		FB99A7B626584E350022A612 /* AwardsView.swift in Sources */ = {isa = PBXBuildFile; fileRef = FB99A7B526584E350022A612 /* AwardsView.swift */; };
/* End PBXBuildFile section */

/* Begin PBXFileReference section */
		FB4AF8652641DF9E00AF16D8 /* Item-CoreDataHelpers.swift */ = {isa = PBXFileReference; lastKnownFileType = sourcecode.swift; path = "Item-CoreDataHelpers.swift"; sourceTree = "<group>"; };
		FB4AF8682641E05700AF16D8 /* Project-CoreDataHelpers.swift */ = {isa = PBXFileReference; lastKnownFileType = sourcecode.swift; path = "Project-CoreDataHelpers.swift"; sourceTree = "<group>"; };
		FB64D73D264097E3005381E7 /* HomeView.swift */ = {isa = PBXFileReference; lastKnownFileType = sourcecode.swift; path = HomeView.swift; sourceTree = "<group>"; };
		FB64D7402640984D005381E7 /* ProjectsView.swift */ = {isa = PBXFileReference; lastKnownFileType = sourcecode.swift; path = ProjectsView.swift; sourceTree = "<group>"; };
		FB6C2687263B041800129F46 /* UltimatePortfolio.app */ = {isa = PBXFileReference; explicitFileType = wrapper.application; includeInIndex = 0; path = UltimatePortfolio.app; sourceTree = BUILT_PRODUCTS_DIR; };
		FB6C268A263B041800129F46 /* UltimatePortfolioApp.swift */ = {isa = PBXFileReference; lastKnownFileType = sourcecode.swift; path = UltimatePortfolioApp.swift; sourceTree = "<group>"; };
		FB6C268C263B041800129F46 /* ContentView.swift */ = {isa = PBXFileReference; lastKnownFileType = sourcecode.swift; path = ContentView.swift; sourceTree = "<group>"; };
		FB6C268E263B041A00129F46 /* Assets.xcassets */ = {isa = PBXFileReference; lastKnownFileType = folder.assetcatalog; path = Assets.xcassets; sourceTree = "<group>"; };
		FB6C2691263B041A00129F46 /* Preview Assets.xcassets */ = {isa = PBXFileReference; lastKnownFileType = folder.assetcatalog; path = "Preview Assets.xcassets"; sourceTree = "<group>"; };
		FB6C2693263B041A00129F46 /* Info.plist */ = {isa = PBXFileReference; lastKnownFileType = text.plist.xml; path = Info.plist; sourceTree = "<group>"; };
		FB704749263C4201005175F4 /* Main.xcdatamodel */ = {isa = PBXFileReference; lastKnownFileType = wrapper.xcdatamodel; path = Main.xcdatamodel; sourceTree = "<group>"; };
		FB70474C263C44B9005175F4 /* DataController.swift */ = {isa = PBXFileReference; lastKnownFileType = sourcecode.swift; path = DataController.swift; sourceTree = "<group>"; };
		FB704751263C6E33005175F4 /* UltimatePortfolio.entitlements */ = {isa = PBXFileReference; lastKnownFileType = text.plist.entitlements; path = UltimatePortfolio.entitlements; sourceTree = "<group>"; };
		FB704754263C6E4A005175F4 /* CloudKit.framework */ = {isa = PBXFileReference; lastKnownFileType = wrapper.framework; name = CloudKit.framework; path = System/Library/Frameworks/CloudKit.framework; sourceTree = SDKROOT; };
		FB756D9C26446EF0008F515F /* EditItemView.swift */ = {isa = PBXFileReference; lastKnownFileType = sourcecode.swift; path = EditItemView.swift; sourceTree = "<group>"; };
		FB756D9E26447611008F515F /* ItemRowView.swift */ = {isa = PBXFileReference; lastKnownFileType = sourcecode.swift; path = ItemRowView.swift; sourceTree = "<group>"; };
		FB756DA026447A89008F515F /* Binding-OnChange.swift */ = {isa = PBXFileReference; lastKnownFileType = sourcecode.swift; path = "Binding-OnChange.swift"; sourceTree = "<group>"; };
		FB756DA22644A4A4008F515F /* ProjectHeaderView.swift */ = {isa = PBXFileReference; lastKnownFileType = sourcecode.swift; path = ProjectHeaderView.swift; sourceTree = "<group>"; };
		FB756DA42644A726008F515F /* Colors.xcassets */ = {isa = PBXFileReference; lastKnownFileType = folder.assetcatalog; path = Colors.xcassets; sourceTree = "<group>"; };
		FB756DA62645AFBF008F515F /* EditProjectView.swift */ = {isa = PBXFileReference; lastKnownFileType = sourcecode.swift; path = EditProjectView.swift; sourceTree = "<group>"; };
		FB84C9F2264F174A00365AAB /* Sequence-Sorting.swift */ = {isa = PBXFileReference; lastKnownFileType = sourcecode.swift; path = "Sequence-Sorting.swift"; sourceTree = "<group>"; };
		FB99A7AD2656F4300022A612 /* SelectSomethingView.swift */ = {isa = PBXFileReference; lastKnownFileType = sourcecode.swift; path = SelectSomethingView.swift; sourceTree = "<group>"; };
		FB99A7AF265846860022A612 /* Bundle-Decodable.swift */ = {isa = PBXFileReference; lastKnownFileType = sourcecode.swift; path = "Bundle-Decodable.swift"; sourceTree = "<group>"; };
		FB99A7B126584C730022A612 /* Awards.json */ = {isa = PBXFileReference; fileEncoding = 4; lastKnownFileType = text.json; path = Awards.json; sourceTree = "<group>"; };
		FB99A7B326584DA50022A612 /* Award.swift */ = {isa = PBXFileReference; lastKnownFileType = sourcecode.swift; path = Award.swift; sourceTree = "<group>"; };
		FB99A7B526584E350022A612 /* AwardsView.swift */ = {isa = PBXFileReference; lastKnownFileType = sourcecode.swift; path = AwardsView.swift; sourceTree = "<group>"; };
/* End PBXFileReference section */

/* Begin PBXFrameworksBuildPhase section */
		FB6C2684263B041800129F46 /* Frameworks */ = {
			isa = PBXFrameworksBuildPhase;
			buildActionMask = 2147483647;
			files = (
				FB704755263C6E4A005175F4 /* CloudKit.framework in Frameworks */,
			);
			runOnlyForDeploymentPostprocessing = 0;
		};
/* End PBXFrameworksBuildPhase section */

/* Begin PBXGroup section */
		FB6C267E263B041800129F46 = {
			isa = PBXGroup;
			children = (
				FB6C2689263B041800129F46 /* UltimatePortfolio */,
				FB6C2688263B041800129F46 /* Products */,
				FB704753263C6E4A005175F4 /* Frameworks */,
			);
			sourceTree = "<group>";
		};
		FB6C2688263B041800129F46 /* Products */ = {
			isa = PBXGroup;
			children = (
				FB6C2687263B041800129F46 /* UltimatePortfolio.app */,
			);
			name = Products;
			sourceTree = "<group>";
		};
		FB6C2689263B041800129F46 /* UltimatePortfolio */ = {
			isa = PBXGroup;
			children = (
				FB99A7AD2656F4300022A612 /* SelectSomethingView.swift */,
				FB756D9C26446EF0008F515F /* EditItemView.swift */,
				FB756DA22644A4A4008F515F /* ProjectHeaderView.swift */,
				FB756DA62645AFBF008F515F /* EditProjectView.swift */,
				FB756DA026447A89008F515F /* Binding-OnChange.swift */,
				FB64D73D264097E3005381E7 /* HomeView.swift */,
				FB64D7402640984D005381E7 /* ProjectsView.swift */,
				FB99A7AF265846860022A612 /* Bundle-Decodable.swift */,
				FB756D9E26447611008F515F /* ItemRowView.swift */,
				FB704751263C6E33005175F4 /* UltimatePortfolio.entitlements */,
				FB6C268A263B041800129F46 /* UltimatePortfolioApp.swift */,
				FB6C268C263B041800129F46 /* ContentView.swift */,
				FB704748263C4201005175F4 /* Main.xcdatamodeld */,
				FB70474C263C44B9005175F4 /* DataController.swift */,
				FB6C268E263B041A00129F46 /* Assets.xcassets */,
				FB756DA42644A726008F515F /* Colors.xcassets */,
				FB6C2693263B041A00129F46 /* Info.plist */,
				FB6C2690263B041A00129F46 /* Preview Content */,
				FB4AF8652641DF9E00AF16D8 /* Item-CoreDataHelpers.swift */,
				FB4AF8682641E05700AF16D8 /* Project-CoreDataHelpers.swift */,
				FB84C9F2264F174A00365AAB /* Sequence-Sorting.swift */,
				FB99A7B126584C730022A612 /* Awards.json */,
				FB99A7B326584DA50022A612 /* Award.swift */,
				FB99A7B526584E350022A612 /* AwardsView.swift */,
			);
			path = UltimatePortfolio;
			sourceTree = "<group>";
		};
		FB6C2690263B041A00129F46 /* Preview Content */ = {
			isa = PBXGroup;
			children = (
				FB6C2691263B041A00129F46 /* Preview Assets.xcassets */,
			);
			path = "Preview Content";
			sourceTree = "<group>";
		};
		FB704753263C6E4A005175F4 /* Frameworks */ = {
			isa = PBXGroup;
			children = (
				FB704754263C6E4A005175F4 /* CloudKit.framework */,
			);
			name = Frameworks;
			sourceTree = "<group>";
		};
/* End PBXGroup section */

/* Begin PBXNativeTarget section */
		FB6C2686263B041800129F46 /* UltimatePortfolio */ = {
			isa = PBXNativeTarget;
			buildConfigurationList = FB6C2696263B041A00129F46 /* Build configuration list for PBXNativeTarget "UltimatePortfolio" */;
			buildPhases = (
				FB6C2683263B041800129F46 /* Sources */,
				FB6C2684263B041800129F46 /* Frameworks */,
				FB6C2685263B041800129F46 /* Resources */,
			);
			buildRules = (
			);
			dependencies = (
			);
			name = UltimatePortfolio;
			productName = UltimatePortfolio;
			productReference = FB6C2687263B041800129F46 /* UltimatePortfolio.app */;
			productType = "com.apple.product-type.application";
		};
/* End PBXNativeTarget section */

/* Begin PBXProject section */
		FB6C267F263B041800129F46 /* Project object */ = {
			isa = PBXProject;
			attributes = {
				LastSwiftUpdateCheck = 1240;
				LastUpgradeCheck = 1240;
				TargetAttributes = {
					FB6C2686263B041800129F46 = {
						CreatedOnToolsVersion = 12.4;
					};
				};
			};
			buildConfigurationList = FB6C2682263B041800129F46 /* Build configuration list for PBXProject "UltimatePortfolio" */;
			compatibilityVersion = "Xcode 9.3";
			developmentRegion = en;
			hasScannedForEncodings = 0;
			knownRegions = (
				en,
				Base,
			);
			mainGroup = FB6C267E263B041800129F46;
			productRefGroup = FB6C2688263B041800129F46 /* Products */;
			projectDirPath = "";
			projectRoot = "";
			targets = (
				FB6C2686263B041800129F46 /* UltimatePortfolio */,
			);
		};
/* End PBXProject section */

/* Begin PBXResourcesBuildPhase section */
		FB6C2685263B041800129F46 /* Resources */ = {
			isa = PBXResourcesBuildPhase;
			buildActionMask = 2147483647;
			files = (
				FB756DA52644A726008F515F /* Colors.xcassets in Resources */,
				FB99A7B226584C730022A612 /* Awards.json in Resources */,
				FB6C2692263B041A00129F46 /* Preview Assets.xcassets in Resources */,
				FB6C268F263B041A00129F46 /* Assets.xcassets in Resources */,
			);
			runOnlyForDeploymentPostprocessing = 0;
		};
/* End PBXResourcesBuildPhase section */

/* Begin PBXSourcesBuildPhase section */
		FB6C2683263B041800129F46 /* Sources */ = {
			isa = PBXSourcesBuildPhase;
			buildActionMask = 2147483647;
			files = (
				FB64D7412640984D005381E7 /* ProjectsView.swift in Sources */,
				FB756DA32644A4A4008F515F /* ProjectHeaderView.swift in Sources */,
				FB99A7B626584E350022A612 /* AwardsView.swift in Sources */,
				FB70474A263C4201005175F4 /* Main.xcdatamodeld in Sources */,
				FB4AF8692641E05700AF16D8 /* Project-CoreDataHelpers.swift in Sources */,
				FB756DA72645AFBF008F515F /* EditProjectView.swift in Sources */,
				FB70474D263C44B9005175F4 /* DataController.swift in Sources */,
				FB99A7AE2656F4300022A612 /* SelectSomethingView.swift in Sources */,
				FB99A7B426584DA50022A612 /* Award.swift in Sources */,
				FB756D9F26447611008F515F /* ItemRowView.swift in Sources */,
				FB6C268D263B041800129F46 /* ContentView.swift in Sources */,
				FB756DA126447A89008F515F /* Binding-OnChange.swift in Sources */,
				FB84C9F3264F174A00365AAB /* Sequence-Sorting.swift in Sources */,
				FB99A7B0265846860022A612 /* Bundle-Decodable.swift in Sources */,
				FB64D73E264097E3005381E7 /* HomeView.swift in Sources */,
				FB6C268B263B041800129F46 /* UltimatePortfolioApp.swift in Sources */,
				FB4AF8662641DF9E00AF16D8 /* Item-CoreDataHelpers.swift in Sources */,
				FB756D9D26446EF0008F515F /* EditItemView.swift in Sources */,
			);
			runOnlyForDeploymentPostprocessing = 0;
		};
/* End PBXSourcesBuildPhase section */

/* Begin XCBuildConfiguration section */
		FB6C2694263B041A00129F46 /* Debug */ = {
			isa = XCBuildConfiguration;
			buildSettings = {
				ALWAYS_SEARCH_USER_PATHS = NO;
				CLANG_ANALYZER_NONNULL = YES;
				CLANG_ANALYZER_NUMBER_OBJECT_CONVERSION = YES_AGGRESSIVE;
				CLANG_CXX_LANGUAGE_STANDARD = "gnu++14";
				CLANG_CXX_LIBRARY = "libc++";
				CLANG_ENABLE_MODULES = YES;
				CLANG_ENABLE_OBJC_ARC = YES;
				CLANG_ENABLE_OBJC_WEAK = YES;
				CLANG_WARN_BLOCK_CAPTURE_AUTORELEASING = YES;
				CLANG_WARN_BOOL_CONVERSION = YES;
				CLANG_WARN_COMMA = YES;
				CLANG_WARN_CONSTANT_CONVERSION = YES;
				CLANG_WARN_DEPRECATED_OBJC_IMPLEMENTATIONS = YES;
				CLANG_WARN_DIRECT_OBJC_ISA_USAGE = YES_ERROR;
				CLANG_WARN_DOCUMENTATION_COMMENTS = YES;
				CLANG_WARN_EMPTY_BODY = YES;
				CLANG_WARN_ENUM_CONVERSION = YES;
				CLANG_WARN_INFINITE_RECURSION = YES;
				CLANG_WARN_INT_CONVERSION = YES;
				CLANG_WARN_NON_LITERAL_NULL_CONVERSION = YES;
				CLANG_WARN_OBJC_IMPLICIT_RETAIN_SELF = YES;
				CLANG_WARN_OBJC_LITERAL_CONVERSION = YES;
				CLANG_WARN_OBJC_ROOT_CLASS = YES_ERROR;
				CLANG_WARN_QUOTED_INCLUDE_IN_FRAMEWORK_HEADER = YES;
				CLANG_WARN_RANGE_LOOP_ANALYSIS = YES;
				CLANG_WARN_STRICT_PROTOTYPES = YES;
				CLANG_WARN_SUSPICIOUS_MOVE = YES;
				CLANG_WARN_UNGUARDED_AVAILABILITY = YES_AGGRESSIVE;
				CLANG_WARN_UNREACHABLE_CODE = YES;
				CLANG_WARN__DUPLICATE_METHOD_MATCH = YES;
				COPY_PHASE_STRIP = NO;
				DEBUG_INFORMATION_FORMAT = dwarf;
				ENABLE_STRICT_OBJC_MSGSEND = YES;
				ENABLE_TESTABILITY = YES;
				GCC_C_LANGUAGE_STANDARD = gnu11;
				GCC_DYNAMIC_NO_PIC = NO;
				GCC_NO_COMMON_BLOCKS = YES;
				GCC_OPTIMIZATION_LEVEL = 0;
				GCC_PREPROCESSOR_DEFINITIONS = (
					"DEBUG=1",
					"$(inherited)",
				);
				GCC_WARN_64_TO_32_BIT_CONVERSION = YES;
				GCC_WARN_ABOUT_RETURN_TYPE = YES_ERROR;
				GCC_WARN_UNDECLARED_SELECTOR = YES;
				GCC_WARN_UNINITIALIZED_AUTOS = YES_AGGRESSIVE;
				GCC_WARN_UNUSED_FUNCTION = YES;
				GCC_WARN_UNUSED_VARIABLE = YES;
				IPHONEOS_DEPLOYMENT_TARGET = 14.4;
				MTL_ENABLE_DEBUG_INFO = INCLUDE_SOURCE;
				MTL_FAST_MATH = YES;
				ONLY_ACTIVE_ARCH = YES;
				SDKROOT = iphoneos;
				SWIFT_ACTIVE_COMPILATION_CONDITIONS = DEBUG;
				SWIFT_OPTIMIZATION_LEVEL = "-Onone";
			};
			name = Debug;
		};
		FB6C2695263B041A00129F46 /* Release */ = {
			isa = XCBuildConfiguration;
			buildSettings = {
				ALWAYS_SEARCH_USER_PATHS = NO;
				CLANG_ANALYZER_NONNULL = YES;
				CLANG_ANALYZER_NUMBER_OBJECT_CONVERSION = YES_AGGRESSIVE;
				CLANG_CXX_LANGUAGE_STANDARD = "gnu++14";
				CLANG_CXX_LIBRARY = "libc++";
				CLANG_ENABLE_MODULES = YES;
				CLANG_ENABLE_OBJC_ARC = YES;
				CLANG_ENABLE_OBJC_WEAK = YES;
				CLANG_WARN_BLOCK_CAPTURE_AUTORELEASING = YES;
				CLANG_WARN_BOOL_CONVERSION = YES;
				CLANG_WARN_COMMA = YES;
				CLANG_WARN_CONSTANT_CONVERSION = YES;
				CLANG_WARN_DEPRECATED_OBJC_IMPLEMENTATIONS = YES;
				CLANG_WARN_DIRECT_OBJC_ISA_USAGE = YES_ERROR;
				CLANG_WARN_DOCUMENTATION_COMMENTS = YES;
				CLANG_WARN_EMPTY_BODY = YES;
				CLANG_WARN_ENUM_CONVERSION = YES;
				CLANG_WARN_INFINITE_RECURSION = YES;
				CLANG_WARN_INT_CONVERSION = YES;
				CLANG_WARN_NON_LITERAL_NULL_CONVERSION = YES;
				CLANG_WARN_OBJC_IMPLICIT_RETAIN_SELF = YES;
				CLANG_WARN_OBJC_LITERAL_CONVERSION = YES;
				CLANG_WARN_OBJC_ROOT_CLASS = YES_ERROR;
				CLANG_WARN_QUOTED_INCLUDE_IN_FRAMEWORK_HEADER = YES;
				CLANG_WARN_RANGE_LOOP_ANALYSIS = YES;
				CLANG_WARN_STRICT_PROTOTYPES = YES;
				CLANG_WARN_SUSPICIOUS_MOVE = YES;
				CLANG_WARN_UNGUARDED_AVAILABILITY = YES_AGGRESSIVE;
				CLANG_WARN_UNREACHABLE_CODE = YES;
				CLANG_WARN__DUPLICATE_METHOD_MATCH = YES;
				COPY_PHASE_STRIP = NO;
				DEBUG_INFORMATION_FORMAT = "dwarf-with-dsym";
				ENABLE_NS_ASSERTIONS = NO;
				ENABLE_STRICT_OBJC_MSGSEND = YES;
				GCC_C_LANGUAGE_STANDARD = gnu11;
				GCC_NO_COMMON_BLOCKS = YES;
				GCC_WARN_64_TO_32_BIT_CONVERSION = YES;
				GCC_WARN_ABOUT_RETURN_TYPE = YES_ERROR;
				GCC_WARN_UNDECLARED_SELECTOR = YES;
				GCC_WARN_UNINITIALIZED_AUTOS = YES_AGGRESSIVE;
				GCC_WARN_UNUSED_FUNCTION = YES;
				GCC_WARN_UNUSED_VARIABLE = YES;
				IPHONEOS_DEPLOYMENT_TARGET = 14.4;
				MTL_ENABLE_DEBUG_INFO = NO;
				MTL_FAST_MATH = YES;
				SDKROOT = iphoneos;
				SWIFT_COMPILATION_MODE = wholemodule;
				SWIFT_OPTIMIZATION_LEVEL = "-O";
				VALIDATE_PRODUCT = YES;
			};
			name = Release;
		};
		FB6C2697263B041A00129F46 /* Debug */ = {
			isa = XCBuildConfiguration;
			buildSettings = {
				ASSETCATALOG_COMPILER_APPICON_NAME = AppIcon;
				ASSETCATALOG_COMPILER_GLOBAL_ACCENT_COLOR_NAME = AccentColor;
				CODE_SIGN_ENTITLEMENTS = UltimatePortfolio/UltimatePortfolio.entitlements;
				CODE_SIGN_STYLE = Automatic;
				DEVELOPMENT_ASSET_PATHS = "\"UltimatePortfolio/Preview Content\"";
				DEVELOPMENT_TEAM = DFD5YE8GEL;
				ENABLE_PREVIEWS = YES;
				INFOPLIST_FILE = UltimatePortfolio/Info.plist;
				IPHONEOS_DEPLOYMENT_TARGET = 14.0;
				LD_RUNPATH_SEARCH_PATHS = (
					"$(inherited)",
					"@executable_path/Frameworks",
				);
				PRODUCT_BUNDLE_IDENTIFIER = com.gorillalogic.UltimatePortfolio;
				PRODUCT_NAME = "$(TARGET_NAME)";
				SWIFT_VERSION = 5.0;
				TARGETED_DEVICE_FAMILY = "1,2";
			};
			name = Debug;
		};
		FB6C2698263B041A00129F46 /* Release */ = {
			isa = XCBuildConfiguration;
			buildSettings = {
				ASSETCATALOG_COMPILER_APPICON_NAME = AppIcon;
				ASSETCATALOG_COMPILER_GLOBAL_ACCENT_COLOR_NAME = AccentColor;
				CODE_SIGN_ENTITLEMENTS = UltimatePortfolio/UltimatePortfolio.entitlements;
				CODE_SIGN_STYLE = Automatic;
				DEVELOPMENT_ASSET_PATHS = "\"UltimatePortfolio/Preview Content\"";
				DEVELOPMENT_TEAM = 6DPB83DYGN;
				ENABLE_PREVIEWS = YES;
				INFOPLIST_FILE = UltimatePortfolio/Info.plist;
				IPHONEOS_DEPLOYMENT_TARGET = 14.0;
				LD_RUNPATH_SEARCH_PATHS = (
					"$(inherited)",
					"@executable_path/Frameworks",
				);
				PRODUCT_BUNDLE_IDENTIFIER = com.gorillalogic.UltimatePortfolio;
				PRODUCT_NAME = "$(TARGET_NAME)";
				SWIFT_VERSION = 5.0;
				TARGETED_DEVICE_FAMILY = "1,2";
			};
			name = Release;
		};
/* End XCBuildConfiguration section */

/* Begin XCConfigurationList section */
		FB6C2682263B041800129F46 /* Build configuration list for PBXProject "UltimatePortfolio" */ = {
			isa = XCConfigurationList;
			buildConfigurations = (
				FB6C2694263B041A00129F46 /* Debug */,
				FB6C2695263B041A00129F46 /* Release */,
			);
			defaultConfigurationIsVisible = 0;
			defaultConfigurationName = Release;
		};
		FB6C2696263B041A00129F46 /* Build configuration list for PBXNativeTarget "UltimatePortfolio" */ = {
			isa = XCConfigurationList;
			buildConfigurations = (
				FB6C2697263B041A00129F46 /* Debug */,
				FB6C2698263B041A00129F46 /* Release */,
			);
			defaultConfigurationIsVisible = 0;
			defaultConfigurationName = Release;
		};
/* End XCConfigurationList section */

/* Begin XCVersionGroup section */
		FB704748263C4201005175F4 /* Main.xcdatamodeld */ = {
			isa = XCVersionGroup;
			children = (
				FB704749263C4201005175F4 /* Main.xcdatamodel */,
			);
			currentVersion = FB704749263C4201005175F4 /* Main.xcdatamodel */;
			path = Main.xcdatamodeld;
			sourceTree = "<group>";
			versionGroupType = wrapper.xcdatamodel;
		};
/* End XCVersionGroup section */
	};
	rootObject = FB6C267F263B041800129F46 /* Project object */;
}
